
Microsoft Visual Studio Solution File, Format Version 12.00
# Visual Studio Version 17
VisualStudioVersion = 17.5.002.0
MinimumVisualStudioVersion = 10.0.40219.1
Project("{9A19103F-16F7-4668-BE54-9A1E7A4F7556}") = "GenesysSdkPoc", "GenesysSdkPoc.csproj", "{6B19FCE9-3A24-4859-92C1-7C697BCE8EF6}"
EndProject
Global
	GlobalSection(SolutionConfigurationPlatforms) = preSolution
		Debug|Any CPU = Debug|Any CPU
		Release|Any CPU = Release|Any CPU
	EndGlobalSection
	GlobalSection(ProjectConfigurationPlatforms) = postSolution
		{6B19FCE9-3A24-4859-92C1-7C697BCE8EF6}.Debug|Any CPU.ActiveCfg = Debug|Any CPU
		{6B19FCE9-3A24-4859-92C1-7C697BCE8EF6}.Debug|Any CPU.Build.0 = Debug|Any CPU
		{6B19FCE9-3A24-4859-92C1-7C697BCE8EF6}.Release|Any CPU.ActiveCfg = Release|Any CPU
		{6B19FCE9-3A24-4859-92C1-7C697BCE8EF6}.Release|Any CPU.Build.0 = Release|Any CPU
	EndGlobalSection
	GlobalSection(SolutionProperties) = preSolution
		HideSolutionNode = FALSE
	EndGlobalSection
	GlobalSection(ExtensibilityGlobals) = postSolution
		SolutionGuid = {4F64B04A-2EF6-4A6D-BE65-3125D701155C}
	EndGlobalSection
EndGlobal
